
Microsoft Visual Studio Solution File, Format Version 12.00
# Visual Studio 14
VisualStudioVersion = 14.0.25420.1
MinimumVisualStudioVersion = 10.0.40219.1
Project("{FAE04EC0-301F-11D3-BF4B-00C04F79EFBC}") = "Empathie.Web", "Empathie.Web\Empathie.Web.csproj", "{7139D425-6BA9-43A8-82EE-F65BB3E9646E}"
EndProject
Project("{FAE04EC0-301F-11D3-BF4B-00C04F79EFBC}") = "Empathie.Droid", "Empathie\Empathie.Droid\Empathie.Droid.csproj", "{ED03E358-E9F7-4914-92FC-4E0620B98862}"
EndProject
Project("{FAE04EC0-301F-11D3-BF4B-00C04F79EFBC}") = "Empathie.WinPhone", "Empathie\Empathie.WinPhone\Empathie.WinPhone.csproj", "{198FBE4D-60ED-4270-8AC2-49892CD2383D}"
EndProject
Project("{FAE04EC0-301F-11D3-BF4B-00C04F79EFBC}") = "Empathie.UWP", "Empathie\Empathie.UWP\Empathie.UWP.csproj", "{A031E1E4-024C-4C79-9D89-6DBEF8B63DCA}"
EndProject
Project("{FAE04EC0-301F-11D3-BF4B-00C04F79EFBC}") = "Empathie", "Empathie\Empathie\Empathie.csproj", "{28DEBE96-56E0-4464-9FB3-6EB0818BAFF9}"
EndProject
Global
	GlobalSection(SolutionConfigurationPlatforms) = preSolution
		Ad-Hoc|Any CPU = Ad-Hoc|Any CPU
		Ad-Hoc|ARM = Ad-Hoc|ARM
		Ad-Hoc|iPhone = Ad-Hoc|iPhone
		Ad-Hoc|iPhoneSimulator = Ad-Hoc|iPhoneSimulator
		Ad-Hoc|x64 = Ad-Hoc|x64
		Ad-Hoc|x86 = Ad-Hoc|x86
		AppStore|Any CPU = AppStore|Any CPU
		AppStore|ARM = AppStore|ARM
		AppStore|iPhone = AppStore|iPhone
		AppStore|iPhoneSimulator = AppStore|iPhoneSimulator
		AppStore|x64 = AppStore|x64
		AppStore|x86 = AppStore|x86
		Debug|Any CPU = Debug|Any CPU
		Debug|ARM = Debug|ARM
		Debug|iPhone = Debug|iPhone
		Debug|iPhoneSimulator = Debug|iPhoneSimulator
		Debug|x64 = Debug|x64
		Debug|x86 = Debug|x86
		Release|Any CPU = Release|Any CPU
		Release|ARM = Release|ARM
		Release|iPhone = Release|iPhone
		Release|iPhoneSimulator = Release|iPhoneSimulator
		Release|x64 = Release|x64
		Release|x86 = Release|x86
	EndGlobalSection
	GlobalSection(ProjectConfigurationPlatforms) = postSolution
		{7139D425-6BA9-43A8-82EE-F65BB3E9646E}.Ad-Hoc|Any CPU.ActiveCfg = Release|Any CPU
		{7139D425-6BA9-43A8-82EE-F65BB3E9646E}.Ad-Hoc|Any CPU.Build.0 = Release|Any CPU
		{7139D425-6BA9-43A8-82EE-F65BB3E9646E}.Ad-Hoc|ARM.ActiveCfg = Release|Any CPU
		{7139D425-6BA9-43A8-82EE-F65BB3E9646E}.Ad-Hoc|ARM.Build.0 = Release|Any CPU
		{7139D425-6BA9-43A8-82EE-F65BB3E9646E}.Ad-Hoc|iPhone.ActiveCfg = Release|Any CPU
		{7139D425-6BA9-43A8-82EE-F65BB3E9646E}.Ad-Hoc|iPhone.Build.0 = Release|Any CPU
		{7139D425-6BA9-43A8-82EE-F65BB3E9646E}.Ad-Hoc|iPhoneSimulator.ActiveCfg = Release|Any CPU
		{7139D425-6BA9-43A8-82EE-F65BB3E9646E}.Ad-Hoc|iPhoneSimulator.Build.0 = Release|Any CPU
		{7139D425-6BA9-43A8-82EE-F65BB3E9646E}.Ad-Hoc|x64.ActiveCfg = Release|Any CPU
		{7139D425-6BA9-43A8-82EE-F65BB3E9646E}.Ad-Hoc|x64.Build.0 = Release|Any CPU
		{7139D425-6BA9-43A8-82EE-F65BB3E9646E}.Ad-Hoc|x86.ActiveCfg = Release|Any CPU
		{7139D425-6BA9-43A8-82EE-F65BB3E9646E}.Ad-Hoc|x86.Build.0 = Release|Any CPU
		{7139D425-6BA9-43A8-82EE-F65BB3E9646E}.AppStore|Any CPU.ActiveCfg = Release|Any CPU
		{7139D425-6BA9-43A8-82EE-F65BB3E9646E}.AppStore|Any CPU.Build.0 = Release|Any CPU
		{7139D425-6BA9-43A8-82EE-F65BB3E9646E}.AppStore|ARM.ActiveCfg = Release|Any CPU
		{7139D425-6BA9-43A8-82EE-F65BB3E9646E}.AppStore|ARM.Build.0 = Release|Any CPU
		{7139D425-6BA9-43A8-82EE-F65BB3E9646E}.AppStore|iPhone.ActiveCfg = Release|Any CPU
		{7139D425-6BA9-43A8-82EE-F65BB3E9646E}.AppStore|iPhone.Build.0 = Release|Any CPU
		{7139D425-6BA9-43A8-82EE-F65BB3E9646E}.AppStore|iPhoneSimulator.ActiveCfg = Release|Any CPU
		{7139D425-6BA9-43A8-82EE-F65BB3E9646E}.AppStore|iPhoneSimulator.Build.0 = Release|Any CPU
		{7139D425-6BA9-43A8-82EE-F65BB3E9646E}.AppStore|x64.ActiveCfg = Release|Any CPU
		{7139D425-6BA9-43A8-82EE-F65BB3E9646E}.AppStore|x64.Build.0 = Release|Any CPU
		{7139D425-6BA9-43A8-82EE-F65BB3E9646E}.AppStore|x86.ActiveCfg = Release|Any CPU
		{7139D425-6BA9-43A8-82EE-F65BB3E9646E}.AppStore|x86.Build.0 = Release|Any CPU
		{7139D425-6BA9-43A8-82EE-F65BB3E9646E}.Debug|Any CPU.ActiveCfg = Debug|Any CPU
		{7139D425-6BA9-43A8-82EE-F65BB3E9646E}.Debug|Any CPU.Build.0 = Debug|Any CPU
		{7139D425-6BA9-43A8-82EE-F65BB3E9646E}.Debug|ARM.ActiveCfg = Debug|Any CPU
		{7139D425-6BA9-43A8-82EE-F65BB3E9646E}.Debug|ARM.Build.0 = Debug|Any CPU
		{7139D425-6BA9-43A8-82EE-F65BB3E9646E}.Debug|iPhone.ActiveCfg = Debug|Any CPU
		{7139D425-6BA9-43A8-82EE-F65BB3E9646E}.Debug|iPhone.Build.0 = Debug|Any CPU
		{7139D425-6BA9-43A8-82EE-F65BB3E9646E}.Debug|iPhoneSimulator.ActiveCfg = Debug|Any CPU
		{7139D425-6BA9-43A8-82EE-F65BB3E9646E}.Debug|iPhoneSimulator.Build.0 = Debug|Any CPU
		{7139D425-6BA9-43A8-82EE-F65BB3E9646E}.Debug|x64.ActiveCfg = Debug|Any CPU
		{7139D425-6BA9-43A8-82EE-F65BB3E9646E}.Debug|x64.Build.0 = Debug|Any CPU
		{7139D425-6BA9-43A8-82EE-F65BB3E9646E}.Debug|x86.ActiveCfg = Debug|Any CPU
		{7139D425-6BA9-43A8-82EE-F65BB3E9646E}.Debug|x86.Build.0 = Debug|Any CPU
		{7139D425-6BA9-43A8-82EE-F65BB3E9646E}.Release|Any CPU.ActiveCfg = Release|Any CPU
		{7139D425-6BA9-43A8-82EE-F65BB3E9646E}.Release|Any CPU.Build.0 = Release|Any CPU
		{7139D425-6BA9-43A8-82EE-F65BB3E9646E}.Release|ARM.ActiveCfg = Release|Any CPU
		{7139D425-6BA9-43A8-82EE-F65BB3E9646E}.Release|ARM.Build.0 = Release|Any CPU
		{7139D425-6BA9-43A8-82EE-F65BB3E9646E}.Release|iPhone.ActiveCfg = Release|Any CPU
		{7139D425-6BA9-43A8-82EE-F65BB3E9646E}.Release|iPhone.Build.0 = Release|Any CPU
		{7139D425-6BA9-43A8-82EE-F65BB3E9646E}.Release|iPhoneSimulator.ActiveCfg = Release|Any CPU
		{7139D425-6BA9-43A8-82EE-F65BB3E9646E}.Release|iPhoneSimulator.Build.0 = Release|Any CPU
		{7139D425-6BA9-43A8-82EE-F65BB3E9646E}.Release|x64.ActiveCfg = Release|Any CPU
		{7139D425-6BA9-43A8-82EE-F65BB3E9646E}.Release|x64.Build.0 = Release|Any CPU
		{7139D425-6BA9-43A8-82EE-F65BB3E9646E}.Release|x86.ActiveCfg = Release|Any CPU
		{7139D425-6BA9-43A8-82EE-F65BB3E9646E}.Release|x86.Build.0 = Release|Any CPU
		{ED03E358-E9F7-4914-92FC-4E0620B98862}.Ad-Hoc|Any CPU.ActiveCfg = Release|Any CPU
		{ED03E358-E9F7-4914-92FC-4E0620B98862}.Ad-Hoc|Any CPU.Build.0 = Release|Any CPU
		{ED03E358-E9F7-4914-92FC-4E0620B98862}.Ad-Hoc|Any CPU.Deploy.0 = Release|Any CPU
		{ED03E358-E9F7-4914-92FC-4E0620B98862}.Ad-Hoc|ARM.ActiveCfg = Release|Any CPU
		{ED03E358-E9F7-4914-92FC-4E0620B98862}.Ad-Hoc|ARM.Build.0 = Release|Any CPU
		{ED03E358-E9F7-4914-92FC-4E0620B98862}.Ad-Hoc|ARM.Deploy.0 = Release|Any CPU
		{ED03E358-E9F7-4914-92FC-4E0620B98862}.Ad-Hoc|iPhone.ActiveCfg = Release|Any CPU
		{ED03E358-E9F7-4914-92FC-4E0620B98862}.Ad-Hoc|iPhone.Build.0 = Release|Any CPU
		{ED03E358-E9F7-4914-92FC-4E0620B98862}.Ad-Hoc|iPhone.Deploy.0 = Release|Any CPU
		{ED03E358-E9F7-4914-92FC-4E0620B98862}.Ad-Hoc|iPhoneSimulator.ActiveCfg = Release|Any CPU
		{ED03E358-E9F7-4914-92FC-4E0620B98862}.Ad-Hoc|iPhoneSimulator.Build.0 = Release|Any CPU
		{ED03E358-E9F7-4914-92FC-4E0620B98862}.Ad-Hoc|iPhoneSimulator.Deploy.0 = Release|Any CPU
		{ED03E358-E9F7-4914-92FC-4E0620B98862}.Ad-Hoc|x64.ActiveCfg = Release|Any CPU
		{ED03E358-E9F7-4914-92FC-4E0620B98862}.Ad-Hoc|x64.Build.0 = Release|Any CPU
		{ED03E358-E9F7-4914-92FC-4E0620B98862}.Ad-Hoc|x64.Deploy.0 = Release|Any CPU
		{ED03E358-E9F7-4914-92FC-4E0620B98862}.Ad-Hoc|x86.ActiveCfg = Release|Any CPU
		{ED03E358-E9F7-4914-92FC-4E0620B98862}.Ad-Hoc|x86.Build.0 = Release|Any CPU
		{ED03E358-E9F7-4914-92FC-4E0620B98862}.Ad-Hoc|x86.Deploy.0 = Release|Any CPU
		{ED03E358-E9F7-4914-92FC-4E0620B98862}.AppStore|Any CPU.ActiveCfg = Release|Any CPU
		{ED03E358-E9F7-4914-92FC-4E0620B98862}.AppStore|Any CPU.Build.0 = Release|Any CPU
		{ED03E358-E9F7-4914-92FC-4E0620B98862}.AppStore|Any CPU.Deploy.0 = Release|Any CPU
		{ED03E358-E9F7-4914-92FC-4E0620B98862}.AppStore|ARM.ActiveCfg = Release|Any CPU
		{ED03E358-E9F7-4914-92FC-4E0620B98862}.AppStore|ARM.Build.0 = Release|Any CPU
		{ED03E358-E9F7-4914-92FC-4E0620B98862}.AppStore|ARM.Deploy.0 = Release|Any CPU
		{ED03E358-E9F7-4914-92FC-4E0620B98862}.AppStore|iPhone.ActiveCfg = Release|Any CPU
		{ED03E358-E9F7-4914-92FC-4E0620B98862}.AppStore|iPhone.Build.0 = Release|Any CPU
		{ED03E358-E9F7-4914-92FC-4E0620B98862}.AppStore|iPhone.Deploy.0 = Release|Any CPU
		{ED03E358-E9F7-4914-92FC-4E0620B98862}.AppStore|iPhoneSimulator.ActiveCfg = Release|Any CPU
		{ED03E358-E9F7-4914-92FC-4E0620B98862}.AppStore|iPhoneSimulator.Build.0 = Release|Any CPU
		{ED03E358-E9F7-4914-92FC-4E0620B98862}.AppStore|iPhoneSimulator.Deploy.0 = Release|Any CPU
		{ED03E358-E9F7-4914-92FC-4E0620B98862}.AppStore|x64.ActiveCfg = Release|Any CPU
		{ED03E358-E9F7-4914-92FC-4E0620B98862}.AppStore|x64.Build.0 = Release|Any CPU
		{ED03E358-E9F7-4914-92FC-4E0620B98862}.AppStore|x64.Deploy.0 = Release|Any CPU
		{ED03E358-E9F7-4914-92FC-4E0620B98862}.AppStore|x86.ActiveCfg = Release|Any CPU
		{ED03E358-E9F7-4914-92FC-4E0620B98862}.AppStore|x86.Build.0 = Release|Any CPU
		{ED03E358-E9F7-4914-92FC-4E0620B98862}.AppStore|x86.Deploy.0 = Release|Any CPU
		{ED03E358-E9F7-4914-92FC-4E0620B98862}.Debug|Any CPU.ActiveCfg = Debug|Any CPU
		{ED03E358-E9F7-4914-92FC-4E0620B98862}.Debug|Any CPU.Build.0 = Debug|Any CPU
		{ED03E358-E9F7-4914-92FC-4E0620B98862}.Debug|Any CPU.Deploy.0 = Debug|Any CPU
		{ED03E358-E9F7-4914-92FC-4E0620B98862}.Debug|ARM.ActiveCfg = Debug|Any CPU
		{ED03E358-E9F7-4914-92FC-4E0620B98862}.Debug|ARM.Build.0 = Debug|Any CPU
		{ED03E358-E9F7-4914-92FC-4E0620B98862}.Debug|ARM.Deploy.0 = Debug|Any CPU
		{ED03E358-E9F7-4914-92FC-4E0620B98862}.Debug|iPhone.ActiveCfg = Debug|Any CPU
		{ED03E358-E9F7-4914-92FC-4E0620B98862}.Debug|iPhone.Build.0 = Debug|Any CPU
		{ED03E358-E9F7-4914-92FC-4E0620B98862}.Debug|iPhone.Deploy.0 = Debug|Any CPU
		{ED03E358-E9F7-4914-92FC-4E0620B98862}.Debug|iPhoneSimulator.ActiveCfg = Debug|Any CPU
		{ED03E358-E9F7-4914-92FC-4E0620B98862}.Debug|iPhoneSimulator.Build.0 = Debug|Any CPU
		{ED03E358-E9F7-4914-92FC-4E0620B98862}.Debug|iPhoneSimulator.Deploy.0 = Debug|Any CPU
		{ED03E358-E9F7-4914-92FC-4E0620B98862}.Debug|x64.ActiveCfg = Debug|Any CPU
		{ED03E358-E9F7-4914-92FC-4E0620B98862}.Debug|x64.Build.0 = Debug|Any CPU
		{ED03E358-E9F7-4914-92FC-4E0620B98862}.Debug|x64.Deploy.0 = Debug|Any CPU
		{ED03E358-E9F7-4914-92FC-4E0620B98862}.Debug|x86.ActiveCfg = Debug|Any CPU
		{ED03E358-E9F7-4914-92FC-4E0620B98862}.Debug|x86.Build.0 = Debug|Any CPU
		{ED03E358-E9F7-4914-92FC-4E0620B98862}.Debug|x86.Deploy.0 = Debug|Any CPU
		{ED03E358-E9F7-4914-92FC-4E0620B98862}.Release|Any CPU.ActiveCfg = Release|Any CPU
		{ED03E358-E9F7-4914-92FC-4E0620B98862}.Release|Any CPU.Build.0 = Release|Any CPU
		{ED03E358-E9F7-4914-92FC-4E0620B98862}.Release|Any CPU.Deploy.0 = Release|Any CPU
		{ED03E358-E9F7-4914-92FC-4E0620B98862}.Release|ARM.ActiveCfg = Release|Any CPU
		{ED03E358-E9F7-4914-92FC-4E0620B98862}.Release|ARM.Build.0 = Release|Any CPU
		{ED03E358-E9F7-4914-92FC-4E0620B98862}.Release|ARM.Deploy.0 = Release|Any CPU
		{ED03E358-E9F7-4914-92FC-4E0620B98862}.Release|iPhone.ActiveCfg = Release|Any CPU
		{ED03E358-E9F7-4914-92FC-4E0620B98862}.Release|iPhone.Build.0 = Release|Any CPU
		{ED03E358-E9F7-4914-92FC-4E0620B98862}.Release|iPhone.Deploy.0 = Release|Any CPU
		{ED03E358-E9F7-4914-92FC-4E0620B98862}.Release|iPhoneSimulator.ActiveCfg = Release|Any CPU
		{ED03E358-E9F7-4914-92FC-4E0620B98862}.Release|iPhoneSimulator.Build.0 = Release|Any CPU
		{ED03E358-E9F7-4914-92FC-4E0620B98862}.Release|iPhoneSimulator.Deploy.0 = Release|Any CPU
		{ED03E358-E9F7-4914-92FC-4E0620B98862}.Release|x64.ActiveCfg = Release|Any CPU
		{ED03E358-E9F7-4914-92FC-4E0620B98862}.Release|x64.Build.0 = Release|Any CPU
		{ED03E358-E9F7-4914-92FC-4E0620B98862}.Release|x64.Deploy.0 = Release|Any CPU
		{ED03E358-E9F7-4914-92FC-4E0620B98862}.Release|x86.ActiveCfg = Release|Any CPU
		{ED03E358-E9F7-4914-92FC-4E0620B98862}.Release|x86.Build.0 = Release|Any CPU
		{ED03E358-E9F7-4914-92FC-4E0620B98862}.Release|x86.Deploy.0 = Release|Any CPU
		{198FBE4D-60ED-4270-8AC2-49892CD2383D}.Ad-Hoc|Any CPU.ActiveCfg = Release|Any CPU
		{198FBE4D-60ED-4270-8AC2-49892CD2383D}.Ad-Hoc|Any CPU.Build.0 = Release|Any CPU
		{198FBE4D-60ED-4270-8AC2-49892CD2383D}.Ad-Hoc|Any CPU.Deploy.0 = Release|Any CPU
		{198FBE4D-60ED-4270-8AC2-49892CD2383D}.Ad-Hoc|ARM.ActiveCfg = Release|ARM
		{198FBE4D-60ED-4270-8AC2-49892CD2383D}.Ad-Hoc|ARM.Build.0 = Release|ARM
		{198FBE4D-60ED-4270-8AC2-49892CD2383D}.Ad-Hoc|ARM.Deploy.0 = Release|ARM
		{198FBE4D-60ED-4270-8AC2-49892CD2383D}.Ad-Hoc|iPhone.ActiveCfg = Release|Any CPU
		{198FBE4D-60ED-4270-8AC2-49892CD2383D}.Ad-Hoc|iPhone.Build.0 = Release|Any CPU
		{198FBE4D-60ED-4270-8AC2-49892CD2383D}.Ad-Hoc|iPhone.Deploy.0 = Release|Any CPU
		{198FBE4D-60ED-4270-8AC2-49892CD2383D}.Ad-Hoc|iPhoneSimulator.ActiveCfg = Release|Any CPU
		{198FBE4D-60ED-4270-8AC2-49892CD2383D}.Ad-Hoc|iPhoneSimulator.Build.0 = Release|Any CPU
		{198FBE4D-60ED-4270-8AC2-49892CD2383D}.Ad-Hoc|iPhoneSimulator.Deploy.0 = Release|Any CPU
		{198FBE4D-60ED-4270-8AC2-49892CD2383D}.Ad-Hoc|x64.ActiveCfg = Release|Any CPU
		{198FBE4D-60ED-4270-8AC2-49892CD2383D}.Ad-Hoc|x64.Build.0 = Release|Any CPU
		{198FBE4D-60ED-4270-8AC2-49892CD2383D}.Ad-Hoc|x64.Deploy.0 = Release|Any CPU
		{198FBE4D-60ED-4270-8AC2-49892CD2383D}.Ad-Hoc|x86.ActiveCfg = Release|x86
		{198FBE4D-60ED-4270-8AC2-49892CD2383D}.Ad-Hoc|x86.Build.0 = Release|x86
		{198FBE4D-60ED-4270-8AC2-49892CD2383D}.Ad-Hoc|x86.Deploy.0 = Release|x86
		{198FBE4D-60ED-4270-8AC2-49892CD2383D}.AppStore|Any CPU.ActiveCfg = Release|Any CPU
		{198FBE4D-60ED-4270-8AC2-49892CD2383D}.AppStore|Any CPU.Build.0 = Release|Any CPU
		{198FBE4D-60ED-4270-8AC2-49892CD2383D}.AppStore|Any CPU.Deploy.0 = Release|Any CPU
		{198FBE4D-60ED-4270-8AC2-49892CD2383D}.AppStore|ARM.ActiveCfg = Release|ARM
		{198FBE4D-60ED-4270-8AC2-49892CD2383D}.AppStore|ARM.Build.0 = Release|ARM
		{198FBE4D-60ED-4270-8AC2-49892CD2383D}.AppStore|ARM.Deploy.0 = Release|ARM
		{198FBE4D-60ED-4270-8AC2-49892CD2383D}.AppStore|iPhone.ActiveCfg = Release|Any CPU
		{198FBE4D-60ED-4270-8AC2-49892CD2383D}.AppStore|iPhone.Build.0 = Release|Any CPU
		{198FBE4D-60ED-4270-8AC2-49892CD2383D}.AppStore|iPhone.Deploy.0 = Release|Any CPU
		{198FBE4D-60ED-4270-8AC2-49892CD2383D}.AppStore|iPhoneSimulator.ActiveCfg = Release|Any CPU
		{198FBE4D-60ED-4270-8AC2-49892CD2383D}.AppStore|iPhoneSimulator.Build.0 = Release|Any CPU
		{198FBE4D-60ED-4270-8AC2-49892CD2383D}.AppStore|iPhoneSimulator.Deploy.0 = Release|Any CPU
		{198FBE4D-60ED-4270-8AC2-49892CD2383D}.AppStore|x64.ActiveCfg = Release|Any CPU
		{198FBE4D-60ED-4270-8AC2-49892CD2383D}.AppStore|x64.Build.0 = Release|Any CPU
		{198FBE4D-60ED-4270-8AC2-49892CD2383D}.AppStore|x64.Deploy.0 = Release|Any CPU
		{198FBE4D-60ED-4270-8AC2-49892CD2383D}.AppStore|x86.ActiveCfg = Release|x86
		{198FBE4D-60ED-4270-8AC2-49892CD2383D}.AppStore|x86.Build.0 = Release|x86
		{198FBE4D-60ED-4270-8AC2-49892CD2383D}.AppStore|x86.Deploy.0 = Release|x86
		{198FBE4D-60ED-4270-8AC2-49892CD2383D}.Debug|Any CPU.ActiveCfg = Debug|Any CPU
		{198FBE4D-60ED-4270-8AC2-49892CD2383D}.Debug|Any CPU.Build.0 = Debug|Any CPU
		{198FBE4D-60ED-4270-8AC2-49892CD2383D}.Debug|Any CPU.Deploy.0 = Debug|Any CPU
		{198FBE4D-60ED-4270-8AC2-49892CD2383D}.Debug|ARM.ActiveCfg = Debug|ARM
		{198FBE4D-60ED-4270-8AC2-49892CD2383D}.Debug|ARM.Build.0 = Debug|ARM
		{198FBE4D-60ED-4270-8AC2-49892CD2383D}.Debug|ARM.Deploy.0 = Debug|ARM
		{198FBE4D-60ED-4270-8AC2-49892CD2383D}.Debug|iPhone.ActiveCfg = Debug|Any CPU
		{198FBE4D-60ED-4270-8AC2-49892CD2383D}.Debug|iPhone.Build.0 = Debug|Any CPU
		{198FBE4D-60ED-4270-8AC2-49892CD2383D}.Debug|iPhone.Deploy.0 = Debug|Any CPU
		{198FBE4D-60ED-4270-8AC2-49892CD2383D}.Debug|iPhoneSimulator.ActiveCfg = Debug|Any CPU
		{198FBE4D-60ED-4270-8AC2-49892CD2383D}.Debug|iPhoneSimulator.Build.0 = Debug|Any CPU
		{198FBE4D-60ED-4270-8AC2-49892CD2383D}.Debug|iPhoneSimulator.Deploy.0 = Debug|Any CPU
		{198FBE4D-60ED-4270-8AC2-49892CD2383D}.Debug|x64.ActiveCfg = Debug|Any CPU
		{198FBE4D-60ED-4270-8AC2-49892CD2383D}.Debug|x64.Build.0 = Debug|Any CPU
		{198FBE4D-60ED-4270-8AC2-49892CD2383D}.Debug|x64.Deploy.0 = Debug|Any CPU
		{198FBE4D-60ED-4270-8AC2-49892CD2383D}.Debug|x86.ActiveCfg = Debug|x86
		{198FBE4D-60ED-4270-8AC2-49892CD2383D}.Debug|x86.Build.0 = Debug|x86
		{198FBE4D-60ED-4270-8AC2-49892CD2383D}.Debug|x86.Deploy.0 = Debug|x86
		{198FBE4D-60ED-4270-8AC2-49892CD2383D}.Release|Any CPU.ActiveCfg = Release|Any CPU
		{198FBE4D-60ED-4270-8AC2-49892CD2383D}.Release|Any CPU.Build.0 = Release|Any CPU
		{198FBE4D-60ED-4270-8AC2-49892CD2383D}.Release|Any CPU.Deploy.0 = Release|Any CPU
		{198FBE4D-60ED-4270-8AC2-49892CD2383D}.Release|ARM.ActiveCfg = Release|ARM
		{198FBE4D-60ED-4270-8AC2-49892CD2383D}.Release|ARM.Build.0 = Release|ARM
		{198FBE4D-60ED-4270-8AC2-49892CD2383D}.Release|ARM.Deploy.0 = Release|ARM
		{198FBE4D-60ED-4270-8AC2-49892CD2383D}.Release|iPhone.ActiveCfg = Release|Any CPU
		{198FBE4D-60ED-4270-8AC2-49892CD2383D}.Release|iPhone.Build.0 = Release|Any CPU
		{198FBE4D-60ED-4270-8AC2-49892CD2383D}.Release|iPhone.Deploy.0 = Release|Any CPU
		{198FBE4D-60ED-4270-8AC2-49892CD2383D}.Release|iPhoneSimulator.ActiveCfg = Release|Any CPU
		{198FBE4D-60ED-4270-8AC2-49892CD2383D}.Release|iPhoneSimulator.Build.0 = Release|Any CPU
		{198FBE4D-60ED-4270-8AC2-49892CD2383D}.Release|iPhoneSimulator.Deploy.0 = Release|Any CPU
		{198FBE4D-60ED-4270-8AC2-49892CD2383D}.Release|x64.ActiveCfg = Release|Any CPU
		{198FBE4D-60ED-4270-8AC2-49892CD2383D}.Release|x64.Build.0 = Release|Any CPU
		{198FBE4D-60ED-4270-8AC2-49892CD2383D}.Release|x64.Deploy.0 = Release|Any CPU
		{198FBE4D-60ED-4270-8AC2-49892CD2383D}.Release|x86.ActiveCfg = Release|x86
		{198FBE4D-60ED-4270-8AC2-49892CD2383D}.Release|x86.Build.0 = Release|x86
		{198FBE4D-60ED-4270-8AC2-49892CD2383D}.Release|x86.Deploy.0 = Release|x86
		{A031E1E4-024C-4C79-9D89-6DBEF8B63DCA}.Ad-Hoc|Any CPU.ActiveCfg = Release|x86
		{A031E1E4-024C-4C79-9D89-6DBEF8B63DCA}.Ad-Hoc|Any CPU.Build.0 = Release|x86
		{A031E1E4-024C-4C79-9D89-6DBEF8B63DCA}.Ad-Hoc|Any CPU.Deploy.0 = Release|x86
		{A031E1E4-024C-4C79-9D89-6DBEF8B63DCA}.Ad-Hoc|ARM.ActiveCfg = Release|ARM
		{A031E1E4-024C-4C79-9D89-6DBEF8B63DCA}.Ad-Hoc|ARM.Build.0 = Release|ARM
		{A031E1E4-024C-4C79-9D89-6DBEF8B63DCA}.Ad-Hoc|ARM.Deploy.0 = Release|ARM
		{A031E1E4-024C-4C79-9D89-6DBEF8B63DCA}.Ad-Hoc|iPhone.ActiveCfg = Release|x86
		{A031E1E4-024C-4C79-9D89-6DBEF8B63DCA}.Ad-Hoc|iPhone.Build.0 = Release|x86
		{A031E1E4-024C-4C79-9D89-6DBEF8B63DCA}.Ad-Hoc|iPhone.Deploy.0 = Release|x86
		{A031E1E4-024C-4C79-9D89-6DBEF8B63DCA}.Ad-Hoc|iPhoneSimulator.ActiveCfg = Release|x86
		{A031E1E4-024C-4C79-9D89-6DBEF8B63DCA}.Ad-Hoc|iPhoneSimulator.Build.0 = Release|x86
		{A031E1E4-024C-4C79-9D89-6DBEF8B63DCA}.Ad-Hoc|iPhoneSimulator.Deploy.0 = Release|x86
		{A031E1E4-024C-4C79-9D89-6DBEF8B63DCA}.Ad-Hoc|x64.ActiveCfg = Release|x64
		{A031E1E4-024C-4C79-9D89-6DBEF8B63DCA}.Ad-Hoc|x64.Build.0 = Release|x64
		{A031E1E4-024C-4C79-9D89-6DBEF8B63DCA}.Ad-Hoc|x64.Deploy.0 = Release|x64
		{A031E1E4-024C-4C79-9D89-6DBEF8B63DCA}.Ad-Hoc|x86.ActiveCfg = Release|x86
		{A031E1E4-024C-4C79-9D89-6DBEF8B63DCA}.Ad-Hoc|x86.Build.0 = Release|x86
		{A031E1E4-024C-4C79-9D89-6DBEF8B63DCA}.Ad-Hoc|x86.Deploy.0 = Release|x86
		{A031E1E4-024C-4C79-9D89-6DBEF8B63DCA}.AppStore|Any CPU.ActiveCfg = Release|x86
		{A031E1E4-024C-4C79-9D89-6DBEF8B63DCA}.AppStore|Any CPU.Build.0 = Release|x86
		{A031E1E4-024C-4C79-9D89-6DBEF8B63DCA}.AppStore|Any CPU.Deploy.0 = Release|x86
		{A031E1E4-024C-4C79-9D89-6DBEF8B63DCA}.AppStore|ARM.ActiveCfg = Release|ARM
		{A031E1E4-024C-4C79-9D89-6DBEF8B63DCA}.AppStore|ARM.Build.0 = Release|ARM
		{A031E1E4-024C-4C79-9D89-6DBEF8B63DCA}.AppStore|ARM.Deploy.0 = Release|ARM
		{A031E1E4-024C-4C79-9D89-6DBEF8B63DCA}.AppStore|iPhone.ActiveCfg = Release|x86
		{A031E1E4-024C-4C79-9D89-6DBEF8B63DCA}.AppStore|iPhone.Build.0 = Release|x86
		{A031E1E4-024C-4C79-9D89-6DBEF8B63DCA}.AppStore|iPhone.Deploy.0 = Release|x86
		{A031E1E4-024C-4C79-9D89-6DBEF8B63DCA}.AppStore|iPhoneSimulator.ActiveCfg = Release|x86
		{A031E1E4-024C-4C79-9D89-6DBEF8B63DCA}.AppStore|iPhoneSimulator.Build.0 = Release|x86
		{A031E1E4-024C-4C79-9D89-6DBEF8B63DCA}.AppStore|iPhoneSimulator.Deploy.0 = Release|x86
		{A031E1E4-024C-4C79-9D89-6DBEF8B63DCA}.AppStore|x64.ActiveCfg = Release|x64
		{A031E1E4-024C-4C79-9D89-6DBEF8B63DCA}.AppStore|x64.Build.0 = Release|x64
		{A031E1E4-024C-4C79-9D89-6DBEF8B63DCA}.AppStore|x64.Deploy.0 = Release|x64
		{A031E1E4-024C-4C79-9D89-6DBEF8B63DCA}.AppStore|x86.ActiveCfg = Release|x86
		{A031E1E4-024C-4C79-9D89-6DBEF8B63DCA}.AppStore|x86.Build.0 = Release|x86
		{A031E1E4-024C-4C79-9D89-6DBEF8B63DCA}.AppStore|x86.Deploy.0 = Release|x86
		{A031E1E4-024C-4C79-9D89-6DBEF8B63DCA}.Debug|Any CPU.ActiveCfg = Debug|x86
		{A031E1E4-024C-4C79-9D89-6DBEF8B63DCA}.Debug|Any CPU.Build.0 = Debug|x86
		{A031E1E4-024C-4C79-9D89-6DBEF8B63DCA}.Debug|Any CPU.Deploy.0 = Debug|x86
		{A031E1E4-024C-4C79-9D89-6DBEF8B63DCA}.Debug|ARM.ActiveCfg = Debug|ARM
		{A031E1E4-024C-4C79-9D89-6DBEF8B63DCA}.Debug|ARM.Build.0 = Debug|ARM
		{A031E1E4-024C-4C79-9D89-6DBEF8B63DCA}.Debug|ARM.Deploy.0 = Debug|ARM
		{A031E1E4-024C-4C79-9D89-6DBEF8B63DCA}.Debug|iPhone.ActiveCfg = Debug|x86
		{A031E1E4-024C-4C79-9D89-6DBEF8B63DCA}.Debug|iPhoneSimulator.ActiveCfg = Debug|x86
		{A031E1E4-024C-4C79-9D89-6DBEF8B63DCA}.Debug|x64.ActiveCfg = Debug|x64
		{A031E1E4-024C-4C79-9D89-6DBEF8B63DCA}.Debug|x64.Build.0 = Debug|x64
		{A031E1E4-024C-4C79-9D89-6DBEF8B63DCA}.Debug|x64.Deploy.0 = Debug|x64
		{A031E1E4-024C-4C79-9D89-6DBEF8B63DCA}.Debug|x86.ActiveCfg = Debug|x86
		{A031E1E4-024C-4C79-9D89-6DBEF8B63DCA}.Debug|x86.Build.0 = Debug|x86
		{A031E1E4-024C-4C79-9D89-6DBEF8B63DCA}.Debug|x86.Deploy.0 = Debug|x86
		{A031E1E4-024C-4C79-9D89-6DBEF8B63DCA}.Release|Any CPU.ActiveCfg = Release|x86
		{A031E1E4-024C-4C79-9D89-6DBEF8B63DCA}.Release|ARM.ActiveCfg = Release|ARM
		{A031E1E4-024C-4C79-9D89-6DBEF8B63DCA}.Release|ARM.Build.0 = Release|ARM
		{A031E1E4-024C-4C79-9D89-6DBEF8B63DCA}.Release|ARM.Deploy.0 = Release|ARM
		{A031E1E4-024C-4C79-9D89-6DBEF8B63DCA}.Release|iPhone.ActiveCfg = Release|x86
		{A031E1E4-024C-4C79-9D89-6DBEF8B63DCA}.Release|iPhoneSimulator.ActiveCfg = Release|x86
		{A031E1E4-024C-4C79-9D89-6DBEF8B63DCA}.Release|x64.ActiveCfg = Release|x64
		{A031E1E4-024C-4C79-9D89-6DBEF8B63DCA}.Release|x64.Build.0 = Release|x64
		{A031E1E4-024C-4C79-9D89-6DBEF8B63DCA}.Release|x64.Deploy.0 = Release|x64
		{A031E1E4-024C-4C79-9D89-6DBEF8B63DCA}.Release|x86.ActiveCfg = Release|x86
		{A031E1E4-024C-4C79-9D89-6DBEF8B63DCA}.Release|x86.Build.0 = Release|x86
		{A031E1E4-024C-4C79-9D89-6DBEF8B63DCA}.Release|x86.Deploy.0 = Release|x86
		{28DEBE96-56E0-4464-9FB3-6EB0818BAFF9}.Ad-Hoc|Any CPU.ActiveCfg = Release|Any CPU
		{28DEBE96-56E0-4464-9FB3-6EB0818BAFF9}.Ad-Hoc|Any CPU.Build.0 = Release|Any CPU
		{28DEBE96-56E0-4464-9FB3-6EB0818BAFF9}.Ad-Hoc|ARM.ActiveCfg = Release|Any CPU
		{28DEBE96-56E0-4464-9FB3-6EB0818BAFF9}.Ad-Hoc|ARM.Build.0 = Release|Any CPU
		{28DEBE96-56E0-4464-9FB3-6EB0818BAFF9}.Ad-Hoc|iPhone.ActiveCfg = Release|Any CPU
		{28DEBE96-56E0-4464-9FB3-6EB0818BAFF9}.Ad-Hoc|iPhone.Build.0 = Release|Any CPU
		{28DEBE96-56E0-4464-9FB3-6EB0818BAFF9}.Ad-Hoc|iPhoneSimulator.ActiveCfg = Release|Any CPU
		{28DEBE96-56E0-4464-9FB3-6EB0818BAFF9}.Ad-Hoc|iPhoneSimulator.Build.0 = Release|Any CPU
		{28DEBE96-56E0-4464-9FB3-6EB0818BAFF9}.Ad-Hoc|x64.ActiveCfg = Release|Any CPU
		{28DEBE96-56E0-4464-9FB3-6EB0818BAFF9}.Ad-Hoc|x64.Build.0 = Release|Any CPU
		{28DEBE96-56E0-4464-9FB3-6EB0818BAFF9}.Ad-Hoc|x86.ActiveCfg = Release|Any CPU
		{28DEBE96-56E0-4464-9FB3-6EB0818BAFF9}.Ad-Hoc|x86.Build.0 = Release|Any CPU
		{28DEBE96-56E0-4464-9FB3-6EB0818BAFF9}.AppStore|Any CPU.ActiveCfg = Release|Any CPU
		{28DEBE96-56E0-4464-9FB3-6EB0818BAFF9}.AppStore|Any CPU.Build.0 = Release|Any CPU
		{28DEBE96-56E0-4464-9FB3-6EB0818BAFF9}.AppStore|ARM.ActiveCfg = Release|Any CPU
		{28DEBE96-56E0-4464-9FB3-6EB0818BAFF9}.AppStore|ARM.Build.0 = Release|Any CPU
		{28DEBE96-56E0-4464-9FB3-6EB0818BAFF9}.AppStore|iPhone.ActiveCfg = Release|Any CPU
		{28DEBE96-56E0-4464-9FB3-6EB0818BAFF9}.AppStore|iPhone.Build.0 = Release|Any CPU
		{28DEBE96-56E0-4464-9FB3-6EB0818BAFF9}.AppStore|iPhoneSimulator.ActiveCfg = Release|Any CPU
		{28DEBE96-56E0-4464-9FB3-6EB0818BAFF9}.AppStore|iPhoneSimulator.Build.0 = Release|Any CPU
		{28DEBE96-56E0-4464-9FB3-6EB0818BAFF9}.AppStore|x64.ActiveCfg = Release|Any CPU
		{28DEBE96-56E0-4464-9FB3-6EB0818BAFF9}.AppStore|x64.Build.0 = Release|Any CPU
		{28DEBE96-56E0-4464-9FB3-6EB0818BAFF9}.AppStore|x86.ActiveCfg = Release|Any CPU
		{28DEBE96-56E0-4464-9FB3-6EB0818BAFF9}.AppStore|x86.Build.0 = Release|Any CPU
		{28DEBE96-56E0-4464-9FB3-6EB0818BAFF9}.Debug|Any CPU.ActiveCfg = Debug|Any CPU
		{28DEBE96-56E0-4464-9FB3-6EB0818BAFF9}.Debug|Any CPU.Build.0 = Debug|Any CPU
		{28DEBE96-56E0-4464-9FB3-6EB0818BAFF9}.Debug|ARM.ActiveCfg = Debug|Any CPU
		{28DEBE96-56E0-4464-9FB3-6EB0818BAFF9}.Debug|ARM.Build.0 = Debug|Any CPU
		{28DEBE96-56E0-4464-9FB3-6EB0818BAFF9}.Debug|iPhone.ActiveCfg = Debug|Any CPU
		{28DEBE96-56E0-4464-9FB3-6EB0818BAFF9}.Debug|iPhone.Build.0 = Debug|Any CPU
		{28DEBE96-56E0-4464-9FB3-6EB0818BAFF9}.Debug|iPhoneSimulator.ActiveCfg = Debug|Any CPU
		{28DEBE96-56E0-4464-9FB3-6EB0818BAFF9}.Debug|iPhoneSimulator.Build.0 = Debug|Any CPU
		{28DEBE96-56E0-4464-9FB3-6EB0818BAFF9}.Debug|x64.ActiveCfg = Debug|Any CPU
		{28DEBE96-56E0-4464-9FB3-6EB0818BAFF9}.Debug|x64.Build.0 = Debug|Any CPU
		{28DEBE96-56E0-4464-9FB3-6EB0818BAFF9}.Debug|x86.ActiveCfg = Debug|Any CPU
		{28DEBE96-56E0-4464-9FB3-6EB0818BAFF9}.Debug|x86.Build.0 = Debug|Any CPU
		{28DEBE96-56E0-4464-9FB3-6EB0818BAFF9}.Release|Any CPU.ActiveCfg = Release|Any CPU
		{28DEBE96-56E0-4464-9FB3-6EB0818BAFF9}.Release|Any CPU.Build.0 = Release|Any CPU
		{28DEBE96-56E0-4464-9FB3-6EB0818BAFF9}.Release|ARM.ActiveCfg = Release|Any CPU
		{28DEBE96-56E0-4464-9FB3-6EB0818BAFF9}.Release|ARM.Build.0 = Release|Any CPU
		{28DEBE96-56E0-4464-9FB3-6EB0818BAFF9}.Release|iPhone.ActiveCfg = Release|Any CPU
		{28DEBE96-56E0-4464-9FB3-6EB0818BAFF9}.Release|iPhone.Build.0 = Release|Any CPU
		{28DEBE96-56E0-4464-9FB3-6EB0818BAFF9}.Release|iPhoneSimulator.ActiveCfg = Release|Any CPU
		{28DEBE96-56E0-4464-9FB3-6EB0818BAFF9}.Release|iPhoneSimulator.Build.0 = Release|Any CPU
		{28DEBE96-56E0-4464-9FB3-6EB0818BAFF9}.Release|x64.ActiveCfg = Release|Any CPU
		{28DEBE96-56E0-4464-9FB3-6EB0818BAFF9}.Release|x64.Build.0 = Release|Any CPU
		{28DEBE96-56E0-4464-9FB3-6EB0818BAFF9}.Release|x86.ActiveCfg = Release|Any CPU
		{28DEBE96-56E0-4464-9FB3-6EB0818BAFF9}.Release|x86.Build.0 = Release|Any CPU
	EndGlobalSection
	GlobalSection(SolutionProperties) = preSolution
		HideSolutionNode = FALSE
	EndGlobalSection
EndGlobal
